// !$*UTF8*$!
{
	archiveVersion = 1;
	classes = {
	};
	objectVersion = 46;
	objects = {

/* Begin PBXBuildFile section */
		E06685FD1CF2BAD10056BCDB /* AppDelegate.swift in Sources */ = {isa = PBXBuildFile; fileRef = E06685FC1CF2BAD10056BCDB /* AppDelegate.swift */; };
		E06685FF1CF2BAD10056BCDB /* ViewController.swift in Sources */ = {isa = PBXBuildFile; fileRef = E06685FE1CF2BAD10056BCDB /* ViewController.swift */; };
		E06686021CF2BAD10056BCDB /* Main.storyboard in Resources */ = {isa = PBXBuildFile; fileRef = E06686001CF2BAD10056BCDB /* Main.storyboard */; };
		E06686041CF2BAD10056BCDB /* Assets.xcassets in Resources */ = {isa = PBXBuildFile; fileRef = E06686031CF2BAD10056BCDB /* Assets.xcassets */; };
		E06686071CF2BAD10056BCDB /* LaunchScreen.storyboard in Resources */ = {isa = PBXBuildFile; fileRef = E06686051CF2BAD10056BCDB /* LaunchScreen.storyboard */; };
		E06686121CF2BB180056BCDB /* MainButton.swift in Sources */ = {isa = PBXBuildFile; fileRef = E066860E1CF2BB180056BCDB /* MainButton.swift */; };
		E06686131CF2BB180056BCDB /* MainViewController.swift in Sources */ = {isa = PBXBuildFile; fileRef = E066860F1CF2BB180056BCDB /* MainViewController.swift */; };
		E06686141CF2BB180056BCDB /* Model.swift in Sources */ = {isa = PBXBuildFile; fileRef = E06686101CF2BB180056BCDB /* Model.swift */; };
		E06686171CF2BBA10056BCDB /* LionEvents.framework in Frameworks */ = {isa = PBXBuildFile; fileRef = E06686161CF2BBA10056BCDB /* LionEvents.framework */; };
/* End PBXBuildFile section */

/* Begin PBXFileReference section */
		E06685F91CF2BAD10056BCDB /* LionEventsExample.app */ = {isa = PBXFileReference; explicitFileType = wrapper.application; includeInIndex = 0; path = LionEventsExample.app; sourceTree = BUILT_PRODUCTS_DIR; };
		E06685FC1CF2BAD10056BCDB /* AppDelegate.swift */ = {isa = PBXFileReference; lastKnownFileType = sourcecode.swift; path = AppDelegate.swift; sourceTree = "<group>"; };
		E06685FE1CF2BAD10056BCDB /* ViewController.swift */ = {isa = PBXFileReference; lastKnownFileType = sourcecode.swift; path = ViewController.swift; sourceTree = "<group>"; };
		E06686011CF2BAD10056BCDB /* Base */ = {isa = PBXFileReference; lastKnownFileType = file.storyboard; name = Base; path = Base.lproj/Main.storyboard; sourceTree = "<group>"; };
		E06686031CF2BAD10056BCDB /* Assets.xcassets */ = {isa = PBXFileReference; lastKnownFileType = folder.assetcatalog; path = Assets.xcassets; sourceTree = "<group>"; };
		E06686061CF2BAD10056BCDB /* Base */ = {isa = PBXFileReference; lastKnownFileType = file.storyboard; name = Base; path = Base.lproj/LaunchScreen.storyboard; sourceTree = "<group>"; };
		E06686081CF2BAD10056BCDB /* Info.plist */ = {isa = PBXFileReference; lastKnownFileType = text.plist.xml; path = Info.plist; sourceTree = "<group>"; };
		E066860E1CF2BB180056BCDB /* MainButton.swift */ = {isa = PBXFileReference; fileEncoding = 4; lastKnownFileType = sourcecode.swift; path = MainButton.swift; sourceTree = "<group>"; };
		E066860F1CF2BB180056BCDB /* MainViewController.swift */ = {isa = PBXFileReference; fileEncoding = 4; lastKnownFileType = sourcecode.swift; path = MainViewController.swift; sourceTree = "<group>"; };
		E06686101CF2BB180056BCDB /* Model.swift */ = {isa = PBXFileReference; fileEncoding = 4; lastKnownFileType = sourcecode.swift; path = Model.swift; sourceTree = "<group>"; };
		E06686161CF2BBA10056BCDB /* LionEvents.framework */ = {isa = PBXFileReference; lastKnownFileType = wrapper.framework; name = LionEvents.framework; path = "../LionEvents/build/Debug-iphoneos/LionEvents.framework"; sourceTree = "<group>"; };
/* End PBXFileReference section */

/* Begin PBXFrameworksBuildPhase section */
		E06685F61CF2BAD10056BCDB /* Frameworks */ = {
			isa = PBXFrameworksBuildPhase;
			buildActionMask = 2147483647;
			files = (
				E06686171CF2BBA10056BCDB /* LionEvents.framework in Frameworks */,
			);
			runOnlyForDeploymentPostprocessing = 0;
		};
/* End PBXFrameworksBuildPhase section */

/* Begin PBXGroup section */
		E06685F01CF2BAD10056BCDB = {
			isa = PBXGroup;
			children = (
				E06686161CF2BBA10056BCDB /* LionEvents.framework */,
				E06685FB1CF2BAD10056BCDB /* LionEventsExample */,
				E06685FA1CF2BAD10056BCDB /* Products */,
			);
			sourceTree = "<group>";
		};
		E06685FA1CF2BAD10056BCDB /* Products */ = {
			isa = PBXGroup;
			children = (
				E06685F91CF2BAD10056BCDB /* LionEventsExample.app */,
			);
			name = Products;
			sourceTree = "<group>";
		};
		E06685FB1CF2BAD10056BCDB /* LionEventsExample */ = {
			isa = PBXGroup;
			children = (
				E06685FC1CF2BAD10056BCDB /* AppDelegate.swift */,
				E066860E1CF2BB180056BCDB /* MainButton.swift */,
				E066860F1CF2BB180056BCDB /* MainViewController.swift */,
				E06686101CF2BB180056BCDB /* Model.swift */,
				E06685FE1CF2BAD10056BCDB /* ViewController.swift */,
				E06686001CF2BAD10056BCDB /* Main.storyboard */,
				E06686031CF2BAD10056BCDB /* Assets.xcassets */,
				E06686051CF2BAD10056BCDB /* LaunchScreen.storyboard */,
				E06686081CF2BAD10056BCDB /* Info.plist */,
			);
			path = LionEventsExample;
			sourceTree = "<group>";
		};
/* End PBXGroup section */

/* Begin PBXNativeTarget section */
		E06685F81CF2BAD10056BCDB /* LionEventsExample */ = {
			isa = PBXNativeTarget;
			buildConfigurationList = E066860B1CF2BAD10056BCDB /* Build configuration list for PBXNativeTarget "LionEventsExample" */;
			buildPhases = (
				E06685F51CF2BAD10056BCDB /* Sources */,
				E06685F61CF2BAD10056BCDB /* Frameworks */,
				E06685F71CF2BAD10056BCDB /* Resources */,
			);
			buildRules = (
			);
			dependencies = (
			);
			name = LionEventsExample;
			productName = LionEventsExample;
			productReference = E06685F91CF2BAD10056BCDB /* LionEventsExample.app */;
			productType = "com.apple.product-type.application";
		};
/* End PBXNativeTarget section */

/* Begin PBXProject section */
		E06685F11CF2BAD10056BCDB /* Project object */ = {
			isa = PBXProject;
			attributes = {
				LastSwiftUpdateCheck = 0730;
				LastUpgradeCheck = 0730;
				ORGANIZATIONNAME = "Lion Infomation Technology Co.,Ltd.";
				TargetAttributes = {
					E06685F81CF2BAD10056BCDB = {
						CreatedOnToolsVersion = 7.3.1;
					};
				};
			};
			buildConfigurationList = E06685F41CF2BAD10056BCDB /* Build configuration list for PBXProject "LionEventsExample" */;
			compatibilityVersion = "Xcode 3.2";
			developmentRegion = English;
			hasScannedForEncodings = 0;
			knownRegions = (
				en,
				Base,
			);
			mainGroup = E06685F01CF2BAD10056BCDB;
			productRefGroup = E06685FA1CF2BAD10056BCDB /* Products */;
			projectDirPath = "";
			projectRoot = "";
			targets = (
				E06685F81CF2BAD10056BCDB /* LionEventsExample */,
			);
		};
/* End PBXProject section */

/* Begin PBXResourcesBuildPhase section */
		E06685F71CF2BAD10056BCDB /* Resources */ = {
			isa = PBXResourcesBuildPhase;
			buildActionMask = 2147483647;
			files = (
				E06686071CF2BAD10056BCDB /* LaunchScreen.storyboard in Resources */,
				E06686041CF2BAD10056BCDB /* Assets.xcassets in Resources */,
				E06686021CF2BAD10056BCDB /* Main.storyboard in Resources */,
			);
			runOnlyForDeploymentPostprocessing = 0;
		};
/* End PBXResourcesBuildPhase section */

/* Begin PBXSourcesBuildPhase section */
		E06685F51CF2BAD10056BCDB /* Sources */ = {
			isa = PBXSourcesBuildPhase;
			buildActionMask = 2147483647;
			files = (
				E06686141CF2BB180056BCDB /* Model.swift in Sources */,
				E06685FF1CF2BAD10056BCDB /* ViewController.swift in Sources */,
				E06685FD1CF2BAD10056BCDB /* AppDelegate.swift in Sources */,
				E06686121CF2BB180056BCDB /* MainButton.swift in Sources */,
				E06686131CF2BB180056BCDB /* MainViewController.swift in Sources */,
			);
			runOnlyForDeploymentPostprocessing = 0;
		};
/* End PBXSourcesBuildPhase section */

/* Begin PBXVariantGroup section */
		E06686001CF2BAD10056BCDB /* Main.storyboard */ = {
			isa = PBXVariantGroup;
			children = (
				E06686011CF2BAD10056BCDB /* Base */,
			);
			name = Main.storyboard;
			sourceTree = "<group>";
		};
		E06686051CF2BAD10056BCDB /* LaunchScreen.storyboard */ = {
			isa = PBXVariantGroup;
			children = (
				E06686061CF2BAD10056BCDB /* Base */,
			);
			name = LaunchScreen.storyboard;
			sourceTree = "<group>";
		};
/* End PBXVariantGroup section */

/* Begin XCBuildConfiguration section */
		E06686091CF2BAD10056BCDB /* Debug */ = {
			isa = XCBuildConfiguration;
			buildSettings = {
				ALWAYS_SEARCH_USER_PATHS = NO;
				CLANG_ANALYZER_NONNULL = YES;
				CLANG_CXX_LANGUAGE_STANDARD = "gnu++0x";
				CLANG_CXX_LIBRARY = "libc++";
				CLANG_ENABLE_MODULES = YES;
				CLANG_ENABLE_OBJC_ARC = YES;
				CLANG_WARN_BOOL_CONVERSION = YES;
				CLANG_WARN_CONSTANT_CONVERSION = YES;
				CLANG_WARN_DIRECT_OBJC_ISA_USAGE = YES_ERROR;
				CLANG_WARN_EMPTY_BODY = YES;
				CLANG_WARN_ENUM_CONVERSION = YES;
				CLANG_WARN_INT_CONVERSION = YES;
				CLANG_WARN_OBJC_ROOT_CLASS = YES_ERROR;
				CLANG_WARN_UNREACHABLE_CODE = YES;
				CLANG_WARN__DUPLICATE_METHOD_MATCH = YES;
				"CODE_SIGN_IDENTITY[sdk=iphoneos*]" = "iPhone Developer";
				COPY_PHASE_STRIP = NO;
				DEBUG_INFORMATION_FORMAT = dwarf;
				ENABLE_STRICT_OBJC_MSGSEND = YES;
				ENABLE_TESTABILITY = YES;
				GCC_C_LANGUAGE_STANDARD = gnu99;
				GCC_DYNAMIC_NO_PIC = NO;
				GCC_NO_COMMON_BLOCKS = YES;
				GCC_OPTIMIZATION_LEVEL = 0;
				GCC_PREPROCESSOR_DEFINITIONS = (
					"DEBUG=1",
					"$(inherited)",
				);
				GCC_WARN_64_TO_32_BIT_CONVERSION = YES;
				GCC_WARN_ABOUT_RETURN_TYPE = YES_ERROR;
				GCC_WARN_UNDECLARED_SELECTOR = YES;
				GCC_WARN_UNINITIALIZED_AUTOS = YES_AGGRESSIVE;
				GCC_WARN_UNUSED_FUNCTION = YES;
				GCC_WARN_UNUSED_VARIABLE = YES;
				IPHONEOS_DEPLOYMENT_TARGET = 9.3;
				MTL_ENABLE_DEBUG_INFO = YES;
				ONLY_ACTIVE_ARCH = YES;
				SDKROOT = iphoneos;
				SWIFT_OPTIMIZATION_LEVEL = "-Onone";
				TARGETED_DEVICE_FAMILY = "1,2";
			};
			name = Debug;
		};
		E066860A1CF2BAD10056BCDB /* Release */ = {
			isa = XCBuildConfiguration;
			buildSettings = {
				ALWAYS_SEARCH_USER_PATHS = NO;
				CLANG_ANALYZER_NONNULL = YES;
				CLANG_CXX_LANGUAGE_STANDARD = "gnu++0x";
				CLANG_CXX_LIBRARY = "libc++";
				CLANG_ENABLE_MODULES = YES;
				CLANG_ENABLE_OBJC_ARC = YES;
				CLANG_WARN_BOOL_CONVERSION = YES;
				CLANG_WARN_CONSTANT_CONVERSION = YES;
				CLANG_WARN_DIRECT_OBJC_ISA_USAGE = YES_ERROR;
				CLANG_WARN_EMPTY_BODY = YES;
				CLANG_WARN_ENUM_CONVERSION = YES;
				CLANG_WARN_INT_CONVERSION = YES;
				CLANG_WARN_OBJC_ROOT_CLASS = YES_ERROR;
				CLANG_WARN_UNREACHABLE_CODE = YES;
				CLANG_WARN__DUPLICATE_METHOD_MATCH = YES;
				"CODE_SIGN_IDENTITY[sdk=iphoneos*]" = "iPhone Developer";
				COPY_PHASE_STRIP = NO;
				DEBUG_INFORMATION_FORMAT = "dwarf-with-dsym";
				ENABLE_NS_ASSERTIONS = NO;
				ENABLE_STRICT_OBJC_MSGSEND = YES;
				GCC_C_LANGUAGE_STANDARD = gnu99;
				GCC_NO_COMMON_BLOCKS = YES;
				GCC_WARN_64_TO_32_BIT_CONVERSION = YES;
				GCC_WARN_ABOUT_RETURN_TYPE = YES_ERROR;
				GCC_WARN_UNDECLARED_SELECTOR = YES;
				GCC_WARN_UNINITIALIZED_AUTOS = YES_AGGRESSIVE;
				GCC_WARN_UNUSED_FUNCTION = YES;
				GCC_WARN_UNUSED_VARIABLE = YES;
				IPHONEOS_DEPLOYMENT_TARGET = 9.3;
				MTL_ENABLE_DEBUG_INFO = NO;
				SDKROOT = iphoneos;
				TARGETED_DEVICE_FAMILY = "1,2";
				VALIDATE_PRODUCT = YES;
			};
			name = Release;
		};
		E066860C1CF2BAD10056BCDB /* Debug */ = {
			isa = XCBuildConfiguration;
			buildSettings = {
				ASSETCATALOG_COMPILER_APPICON_NAME = AppIcon;
				INFOPLIST_FILE = LionEventsExample/Info.plist;
				IPHONEOS_DEPLOYMENT_TARGET = 8.0;
				LD_RUNPATH_SEARCH_PATHS = "$(inherited) @executable_path/Frameworks";
				PRODUCT_BUNDLE_IDENTIFIER = tw.com.liontech.LionEventsExample;
				PRODUCT_NAME = "$(TARGET_NAME)";
			};
			name = Debug;
		};
		E066860D1CF2BAD10056BCDB /* Release */ = {
			isa = XCBuildConfiguration;
			buildSettings = {
				ASSETCATALOG_COMPILER_APPICON_NAME = AppIcon;
				INFOPLIST_FILE = LionEventsExample/Info.plist;
				IPHONEOS_DEPLOYMENT_TARGET = 8.0;
				LD_RUNPATH_SEARCH_PATHS = "$(inherited) @executable_path/Frameworks";
				PRODUCT_BUNDLE_IDENTIFIER = tw.com.liontech.LionEventsExample;
				PRODUCT_NAME = "$(TARGET_NAME)";
			};
			name = Release;
		};
/* End XCBuildConfiguration section */

/* Begin XCConfigurationList section */
		E06685F41CF2BAD10056BCDB /* Build configuration list for PBXProject "LionEventsExample" */ = {
			isa = XCConfigurationList;
			buildConfigurations = (
				E06686091CF2BAD10056BCDB /* Debug */,
				E066860A1CF2BAD10056BCDB /* Release */,
			);
			defaultConfigurationIsVisible = 0;
			defaultConfigurationName = Release;
		};
		E066860B1CF2BAD10056BCDB /* Build configuration list for PBXNativeTarget "LionEventsExample" */ = {
			isa = XCConfigurationList;
			buildConfigurations = (
				E066860C1CF2BAD10056BCDB /* Debug */,
				E066860D1CF2BAD10056BCDB /* Release */,
			);
			defaultConfigurationIsVisible = 0;
		};
/* End XCConfigurationList section */
	};
	rootObject = E06685F11CF2BAD10056BCDB /* Project object */;
}
