// !$*UTF8*$!
{
	archiveVersion = 1;
	classes = {
	};
	objectVersion = 46;
	objects = {

/* Begin PBXBuildFile section */
		E036DFA51B256F2100C87077 /* ModelObject.swift in Sources */ = {isa = PBXBuildFile; fileRef = E036DFA41B256F2100C87077 /* ModelObject.swift */; };
		E0E6C0291B2159E80089A739 /* AppDelegate.swift in Sources */ = {isa = PBXBuildFile; fileRef = E0E6C0281B2159E80089A739 /* AppDelegate.swift */; };
		E0E6C02B1B2159E80089A739 /* ViewController.swift in Sources */ = {isa = PBXBuildFile; fileRef = E0E6C02A1B2159E80089A739 /* ViewController.swift */; };
		E0E6C02E1B2159E80089A739 /* Main.storyboard in Resources */ = {isa = PBXBuildFile; fileRef = E0E6C02C1B2159E80089A739 /* Main.storyboard */; };
		E0E6C0301B2159E80089A739 /* Images.xcassets in Resources */ = {isa = PBXBuildFile; fileRef = E0E6C02F1B2159E80089A739 /* Images.xcassets */; };
		E0E6C0331B2159E80089A739 /* LaunchScreen.xib in Resources */ = {isa = PBXBuildFile; fileRef = E0E6C0311B2159E80089A739 /* LaunchScreen.xib */; };
		E0E6C03F1B2159E90089A739 /* LionEventsExampleTests.swift in Sources */ = {isa = PBXBuildFile; fileRef = E0E6C03E1B2159E90089A739 /* LionEventsExampleTests.swift */; };
		E0E6C0491B215BDC0089A739 /* LionEvents.framework in Frameworks */ = {isa = PBXBuildFile; fileRef = E0E6C0481B215BDC0089A739 /* LionEvents.framework */; };
		E0E6C04B1B215C0F0089A739 /* Model.swift in Sources */ = {isa = PBXBuildFile; fileRef = E0E6C04A1B215C0F0089A739 /* Model.swift */; };
		E0E6C04D1B215C180089A739 /* MainViewController.swift in Sources */ = {isa = PBXBuildFile; fileRef = E0E6C04C1B215C180089A739 /* MainViewController.swift */; };
		E0E6C04F1B215C240089A739 /* TestViewController.swift in Sources */ = {isa = PBXBuildFile; fileRef = E0E6C04E1B215C240089A739 /* TestViewController.swift */; };
/* End PBXBuildFile section */

/* Begin PBXContainerItemProxy section */
		E0E6C0391B2159E90089A739 /* PBXContainerItemProxy */ = {
			isa = PBXContainerItemProxy;
			containerPortal = E0E6C01B1B2159E80089A739 /* Project object */;
			proxyType = 1;
			remoteGlobalIDString = E0E6C0221B2159E80089A739;
			remoteInfo = LionEventsExample;
		};
/* End PBXContainerItemProxy section */

/* Begin PBXFileReference section */
		E036DFA41B256F2100C87077 /* ModelObject.swift */ = {isa = PBXFileReference; fileEncoding = 4; lastKnownFileType = sourcecode.swift; path = ModelObject.swift; sourceTree = "<group>"; };
		E055D4021B258FC500AE85A3 /* LionEvents.podspec */ = {isa = PBXFileReference; lastKnownFileType = text; name = LionEvents.podspec; path = ../LionEvents.podspec; sourceTree = "<group>"; xcLanguageSpecificationIdentifier = xcode.lang.ruby; };
		E0E6C0231B2159E80089A739 /* LionEventsExample.app */ = {isa = PBXFileReference; explicitFileType = wrapper.application; includeInIndex = 0; path = LionEventsExample.app; sourceTree = BUILT_PRODUCTS_DIR; };
		E0E6C0271B2159E80089A739 /* Info.plist */ = {isa = PBXFileReference; lastKnownFileType = text.plist.xml; path = Info.plist; sourceTree = "<group>"; };
		E0E6C0281B2159E80089A739 /* AppDelegate.swift */ = {isa = PBXFileReference; lastKnownFileType = sourcecode.swift; path = AppDelegate.swift; sourceTree = "<group>"; };
		E0E6C02A1B2159E80089A739 /* ViewController.swift */ = {isa = PBXFileReference; lastKnownFileType = sourcecode.swift; path = ViewController.swift; sourceTree = "<group>"; };
		E0E6C02D1B2159E80089A739 /* Base */ = {isa = PBXFileReference; lastKnownFileType = file.storyboard; name = Base; path = Base.lproj/Main.storyboard; sourceTree = "<group>"; };
		E0E6C02F1B2159E80089A739 /* Images.xcassets */ = {isa = PBXFileReference; lastKnownFileType = folder.assetcatalog; path = Images.xcassets; sourceTree = "<group>"; };
		E0E6C0321B2159E80089A739 /* Base */ = {isa = PBXFileReference; lastKnownFileType = file.xib; name = Base; path = Base.lproj/LaunchScreen.xib; sourceTree = "<group>"; };
		E0E6C0381B2159E90089A739 /* LionEventsExampleTests.xctest */ = {isa = PBXFileReference; explicitFileType = wrapper.cfbundle; includeInIndex = 0; path = LionEventsExampleTests.xctest; sourceTree = BUILT_PRODUCTS_DIR; };
		E0E6C03D1B2159E90089A739 /* Info.plist */ = {isa = PBXFileReference; lastKnownFileType = text.plist.xml; path = Info.plist; sourceTree = "<group>"; };
		E0E6C03E1B2159E90089A739 /* LionEventsExampleTests.swift */ = {isa = PBXFileReference; lastKnownFileType = sourcecode.swift; path = LionEventsExampleTests.swift; sourceTree = "<group>"; };
		E0E6C0481B215BDC0089A739 /* LionEvents.framework */ = {isa = PBXFileReference; lastKnownFileType = wrapper.framework; name = LionEvents.framework; path = "../../LionEvents/build/Debug-iphoneos/LionEvents.framework"; sourceTree = "<group>"; };
		E0E6C04A1B215C0F0089A739 /* Model.swift */ = {isa = PBXFileReference; fileEncoding = 4; lastKnownFileType = sourcecode.swift; path = Model.swift; sourceTree = "<group>"; };
		E0E6C04C1B215C180089A739 /* MainViewController.swift */ = {isa = PBXFileReference; fileEncoding = 4; lastKnownFileType = sourcecode.swift; path = MainViewController.swift; sourceTree = "<group>"; };
		E0E6C04E1B215C240089A739 /* TestViewController.swift */ = {isa = PBXFileReference; fileEncoding = 4; lastKnownFileType = sourcecode.swift; path = TestViewController.swift; sourceTree = "<group>"; };
/* End PBXFileReference section */

/* Begin PBXFrameworksBuildPhase section */
		E0E6C0201B2159E80089A739 /* Frameworks */ = {
			isa = PBXFrameworksBuildPhase;
			buildActionMask = 2147483647;
			files = (
				E0E6C0491B215BDC0089A739 /* LionEvents.framework in Frameworks */,
			);
			runOnlyForDeploymentPostprocessing = 0;
		};
		E0E6C0351B2159E90089A739 /* Frameworks */ = {
			isa = PBXFrameworksBuildPhase;
			buildActionMask = 2147483647;
			files = (
			);
			runOnlyForDeploymentPostprocessing = 0;
		};
/* End PBXFrameworksBuildPhase section */

/* Begin PBXGroup section */
		E0E6C01A1B2159E80089A739 = {
			isa = PBXGroup;
			children = (
				E055D4021B258FC500AE85A3 /* LionEvents.podspec */,
				E0E6C0251B2159E80089A739 /* LionEventsExample */,
				E0E6C03B1B2159E90089A739 /* LionEventsExampleTests */,
				E0E6C0241B2159E80089A739 /* Products */,
			);
			sourceTree = "<group>";
		};
		E0E6C0241B2159E80089A739 /* Products */ = {
			isa = PBXGroup;
			children = (
				E0E6C0231B2159E80089A739 /* LionEventsExample.app */,
				E0E6C0381B2159E90089A739 /* LionEventsExampleTests.xctest */,
			);
			name = Products;
			sourceTree = "<group>";
		};
		E0E6C0251B2159E80089A739 /* LionEventsExample */ = {
			isa = PBXGroup;
			children = (
				E0E6C04E1B215C240089A739 /* TestViewController.swift */,
				E0E6C04C1B215C180089A739 /* MainViewController.swift */,
				E0E6C04A1B215C0F0089A739 /* Model.swift */,
				E0E6C0281B2159E80089A739 /* AppDelegate.swift */,
				E0E6C02A1B2159E80089A739 /* ViewController.swift */,
				E0E6C02C1B2159E80089A739 /* Main.storyboard */,
				E0E6C02F1B2159E80089A739 /* Images.xcassets */,
				E0E6C0311B2159E80089A739 /* LaunchScreen.xib */,
				E0E6C0261B2159E80089A739 /* Supporting Files */,
				E036DFA41B256F2100C87077 /* ModelObject.swift */,
			);
			path = LionEventsExample;
			sourceTree = "<group>";
		};
		E0E6C0261B2159E80089A739 /* Supporting Files */ = {
			isa = PBXGroup;
			children = (
				E0E6C0481B215BDC0089A739 /* LionEvents.framework */,
				E0E6C0271B2159E80089A739 /* Info.plist */,
			);
			name = "Supporting Files";
			sourceTree = "<group>";
		};
		E0E6C03B1B2159E90089A739 /* LionEventsExampleTests */ = {
			isa = PBXGroup;
			children = (
				E0E6C03E1B2159E90089A739 /* LionEventsExampleTests.swift */,
				E0E6C03C1B2159E90089A739 /* Supporting Files */,
			);
			path = LionEventsExampleTests;
			sourceTree = "<group>";
		};
		E0E6C03C1B2159E90089A739 /* Supporting Files */ = {
			isa = PBXGroup;
			children = (
				E0E6C03D1B2159E90089A739 /* Info.plist */,
			);
			name = "Supporting Files";
			sourceTree = "<group>";
		};
/* End PBXGroup section */

/* Begin PBXNativeTarget section */
		E0E6C0221B2159E80089A739 /* LionEventsExample */ = {
			isa = PBXNativeTarget;
			buildConfigurationList = E0E6C0421B2159E90089A739 /* Build configuration list for PBXNativeTarget "LionEventsExample" */;
			buildPhases = (
				E0E6C01F1B2159E80089A739 /* Sources */,
				E0E6C0201B2159E80089A739 /* Frameworks */,
				E0E6C0211B2159E80089A739 /* Resources */,
			);
			buildRules = (
			);
			dependencies = (
			);
			name = LionEventsExample;
			productName = LionEventsExample;
			productReference = E0E6C0231B2159E80089A739 /* LionEventsExample.app */;
			productType = "com.apple.product-type.application";
		};
		E0E6C0371B2159E90089A739 /* LionEventsExampleTests */ = {
			isa = PBXNativeTarget;
			buildConfigurationList = E0E6C0451B2159E90089A739 /* Build configuration list for PBXNativeTarget "LionEventsExampleTests" */;
			buildPhases = (
				E0E6C0341B2159E90089A739 /* Sources */,
				E0E6C0351B2159E90089A739 /* Frameworks */,
				E0E6C0361B2159E90089A739 /* Resources */,
			);
			buildRules = (
			);
			dependencies = (
				E0E6C03A1B2159E90089A739 /* PBXTargetDependency */,
			);
			name = LionEventsExampleTests;
			productName = LionEventsExampleTests;
			productReference = E0E6C0381B2159E90089A739 /* LionEventsExampleTests.xctest */;
			productType = "com.apple.product-type.bundle.unit-test";
		};
/* End PBXNativeTarget section */

/* Begin PBXProject section */
		E0E6C01B1B2159E80089A739 /* Project object */ = {
			isa = PBXProject;
			attributes = {
				LastUpgradeCheck = 0630;
				ORGANIZATIONNAME = "Lion Infomation Technology Co.,Ltd.";
				TargetAttributes = {
					E0E6C0221B2159E80089A739 = {
						CreatedOnToolsVersion = 6.3.2;
					};
					E0E6C0371B2159E90089A739 = {
						CreatedOnToolsVersion = 6.3.2;
						TestTargetID = E0E6C0221B2159E80089A739;
					};
				};
			};
			buildConfigurationList = E0E6C01E1B2159E80089A739 /* Build configuration list for PBXProject "LionEventsExample" */;
			compatibilityVersion = "Xcode 3.2";
			developmentRegion = English;
			hasScannedForEncodings = 0;
			knownRegions = (
				en,
				Base,
			);
			mainGroup = E0E6C01A1B2159E80089A739;
			productRefGroup = E0E6C0241B2159E80089A739 /* Products */;
			projectDirPath = "";
			projectRoot = "";
			targets = (
				E0E6C0221B2159E80089A739 /* LionEventsExample */,
				E0E6C0371B2159E90089A739 /* LionEventsExampleTests */,
			);
		};
/* End PBXProject section */

/* Begin PBXResourcesBuildPhase section */
		E0E6C0211B2159E80089A739 /* Resources */ = {
			isa = PBXResourcesBuildPhase;
			buildActionMask = 2147483647;
			files = (
				E0E6C02E1B2159E80089A739 /* Main.storyboard in Resources */,
				E0E6C0331B2159E80089A739 /* LaunchScreen.xib in Resources */,
				E0E6C0301B2159E80089A739 /* Images.xcassets in Resources */,
			);
			runOnlyForDeploymentPostprocessing = 0;
		};
		E0E6C0361B2159E90089A739 /* Resources */ = {
			isa = PBXResourcesBuildPhase;
			buildActionMask = 2147483647;
			files = (
			);
			runOnlyForDeploymentPostprocessing = 0;
		};
/* End PBXResourcesBuildPhase section */

/* Begin PBXSourcesBuildPhase section */
		E0E6C01F1B2159E80089A739 /* Sources */ = {
			isa = PBXSourcesBuildPhase;
			buildActionMask = 2147483647;
			files = (
				E0E6C04F1B215C240089A739 /* TestViewController.swift in Sources */,
				E0E6C04B1B215C0F0089A739 /* Model.swift in Sources */,
				E0E6C02B1B2159E80089A739 /* ViewController.swift in Sources */,
				E0E6C0291B2159E80089A739 /* AppDelegate.swift in Sources */,
				E036DFA51B256F2100C87077 /* ModelObject.swift in Sources */,
				E0E6C04D1B215C180089A739 /* MainViewController.swift in Sources */,
			);
			runOnlyForDeploymentPostprocessing = 0;
		};
		E0E6C0341B2159E90089A739 /* Sources */ = {
			isa = PBXSourcesBuildPhase;
			buildActionMask = 2147483647;
			files = (
				E0E6C03F1B2159E90089A739 /* LionEventsExampleTests.swift in Sources */,
			);
			runOnlyForDeploymentPostprocessing = 0;
		};
/* End PBXSourcesBuildPhase section */

/* Begin PBXTargetDependency section */
		E0E6C03A1B2159E90089A739 /* PBXTargetDependency */ = {
			isa = PBXTargetDependency;
			target = E0E6C0221B2159E80089A739 /* LionEventsExample */;
			targetProxy = E0E6C0391B2159E90089A739 /* PBXContainerItemProxy */;
		};
/* End PBXTargetDependency section */

/* Begin PBXVariantGroup section */
		E0E6C02C1B2159E80089A739 /* Main.storyboard */ = {
			isa = PBXVariantGroup;
			children = (
				E0E6C02D1B2159E80089A739 /* Base */,
			);
			name = Main.storyboard;
			sourceTree = "<group>";
		};
		E0E6C0311B2159E80089A739 /* LaunchScreen.xib */ = {
			isa = PBXVariantGroup;
			children = (
				E0E6C0321B2159E80089A739 /* Base */,
			);
			name = LaunchScreen.xib;
			sourceTree = "<group>";
		};
/* End PBXVariantGroup section */

/* Begin XCBuildConfiguration section */
		E0E6C0401B2159E90089A739 /* Debug */ = {
			isa = XCBuildConfiguration;
			buildSettings = {
				ALWAYS_SEARCH_USER_PATHS = NO;
				CLANG_CXX_LANGUAGE_STANDARD = "gnu++0x";
				CLANG_CXX_LIBRARY = "libc++";
				CLANG_ENABLE_MODULES = YES;
				CLANG_ENABLE_OBJC_ARC = YES;
				CLANG_WARN_BOOL_CONVERSION = YES;
				CLANG_WARN_CONSTANT_CONVERSION = YES;
				CLANG_WARN_DIRECT_OBJC_ISA_USAGE = YES_ERROR;
				CLANG_WARN_EMPTY_BODY = YES;
				CLANG_WARN_ENUM_CONVERSION = YES;
				CLANG_WARN_INT_CONVERSION = YES;
				CLANG_WARN_OBJC_ROOT_CLASS = YES_ERROR;
				CLANG_WARN_UNREACHABLE_CODE = YES;
				CLANG_WARN__DUPLICATE_METHOD_MATCH = YES;
				"CODE_SIGN_IDENTITY[sdk=iphoneos*]" = "iPhone Developer";
				COPY_PHASE_STRIP = NO;
				DEBUG_INFORMATION_FORMAT = "dwarf-with-dsym";
				ENABLE_STRICT_OBJC_MSGSEND = YES;
				GCC_C_LANGUAGE_STANDARD = gnu99;
				GCC_DYNAMIC_NO_PIC = NO;
				GCC_NO_COMMON_BLOCKS = YES;
				GCC_OPTIMIZATION_LEVEL = 0;
				GCC_PREPROCESSOR_DEFINITIONS = (
					"DEBUG=1",
					"$(inherited)",
				);
				GCC_SYMBOLS_PRIVATE_EXTERN = NO;
				GCC_WARN_64_TO_32_BIT_CONVERSION = YES;
				GCC_WARN_ABOUT_RETURN_TYPE = YES_ERROR;
				GCC_WARN_UNDECLARED_SELECTOR = YES;
				GCC_WARN_UNINITIALIZED_AUTOS = YES_AGGRESSIVE;
				GCC_WARN_UNUSED_FUNCTION = YES;
				GCC_WARN_UNUSED_VARIABLE = YES;
				IPHONEOS_DEPLOYMENT_TARGET = 8.3;
				MTL_ENABLE_DEBUG_INFO = YES;
				ONLY_ACTIVE_ARCH = YES;
				SDKROOT = iphoneos;
				SWIFT_OPTIMIZATION_LEVEL = "-Onone";
			};
			name = Debug;
		};
		E0E6C0411B2159E90089A739 /* Release */ = {
			isa = XCBuildConfiguration;
			buildSettings = {
				ALWAYS_SEARCH_USER_PATHS = NO;
				CLANG_CXX_LANGUAGE_STANDARD = "gnu++0x";
				CLANG_CXX_LIBRARY = "libc++";
				CLANG_ENABLE_MODULES = YES;
				CLANG_ENABLE_OBJC_ARC = YES;
				CLANG_WARN_BOOL_CONVERSION = YES;
				CLANG_WARN_CONSTANT_CONVERSION = YES;
				CLANG_WARN_DIRECT_OBJC_ISA_USAGE = YES_ERROR;
				CLANG_WARN_EMPTY_BODY = YES;
				CLANG_WARN_ENUM_CONVERSION = YES;
				CLANG_WARN_INT_CONVERSION = YES;
				CLANG_WARN_OBJC_ROOT_CLASS = YES_ERROR;
				CLANG_WARN_UNREACHABLE_CODE = YES;
				CLANG_WARN__DUPLICATE_METHOD_MATCH = YES;
				"CODE_SIGN_IDENTITY[sdk=iphoneos*]" = "iPhone Developer";
				COPY_PHASE_STRIP = NO;
				DEBUG_INFORMATION_FORMAT = "dwarf-with-dsym";
				ENABLE_NS_ASSERTIONS = NO;
				ENABLE_STRICT_OBJC_MSGSEND = YES;
				GCC_C_LANGUAGE_STANDARD = gnu99;
				GCC_NO_COMMON_BLOCKS = YES;
				GCC_WARN_64_TO_32_BIT_CONVERSION = YES;
				GCC_WARN_ABOUT_RETURN_TYPE = YES_ERROR;
				GCC_WARN_UNDECLARED_SELECTOR = YES;
				GCC_WARN_UNINITIALIZED_AUTOS = YES_AGGRESSIVE;
				GCC_WARN_UNUSED_FUNCTION = YES;
				GCC_WARN_UNUSED_VARIABLE = YES;
				IPHONEOS_DEPLOYMENT_TARGET = 8.3;
				MTL_ENABLE_DEBUG_INFO = NO;
				SDKROOT = iphoneos;
				VALIDATE_PRODUCT = YES;
			};
			name = Release;
		};
		E0E6C0431B2159E90089A739 /* Debug */ = {
			isa = XCBuildConfiguration;
			buildSettings = {
				ASSETCATALOG_COMPILER_APPICON_NAME = AppIcon;
				FRAMEWORK_SEARCH_PATHS = (
					"$(inherited)",
					"/Users/wilden/Projects/Xcode/LionEvents/LionEvents/build/Debug-iphoneos",
				);
				INFOPLIST_FILE = LionEventsExample/Info.plist;
				LD_RUNPATH_SEARCH_PATHS = "$(inherited) @executable_path/Frameworks";
				PRODUCT_NAME = "$(TARGET_NAME)";
			};
			name = Debug;
		};
		E0E6C0441B2159E90089A739 /* Release */ = {
			isa = XCBuildConfiguration;
			buildSettings = {
				ASSETCATALOG_COMPILER_APPICON_NAME = AppIcon;
				FRAMEWORK_SEARCH_PATHS = (
					"$(inherited)",
					"/Users/wilden/Projects/Xcode/LionEvents/LionEvents/build/Debug-iphoneos",
				);
				INFOPLIST_FILE = LionEventsExample/Info.plist;
				LD_RUNPATH_SEARCH_PATHS = "$(inherited) @executable_path/Frameworks";
				PRODUCT_NAME = "$(TARGET_NAME)";
			};
			name = Release;
		};
		E0E6C0461B2159E90089A739 /* Debug */ = {
			isa = XCBuildConfiguration;
			buildSettings = {
				BUNDLE_LOADER = "$(TEST_HOST)";
				FRAMEWORK_SEARCH_PATHS = (
					"$(SDKROOT)/Developer/Library/Frameworks",
					"$(inherited)",
				);
				GCC_PREPROCESSOR_DEFINITIONS = (
					"DEBUG=1",
					"$(inherited)",
				);
				INFOPLIST_FILE = LionEventsExampleTests/Info.plist;
				LD_RUNPATH_SEARCH_PATHS = "$(inherited) @executable_path/Frameworks @loader_path/Frameworks";
				PRODUCT_NAME = "$(TARGET_NAME)";
				TEST_HOST = "$(BUILT_PRODUCTS_DIR)/LionEventsExample.app/LionEventsExample";
			};
			name = Debug;
		};
		E0E6C0471B2159E90089A739 /* Release */ = {
			isa = XCBuildConfiguration;
			buildSettings = {
				BUNDLE_LOADER = "$(TEST_HOST)";
				FRAMEWORK_SEARCH_PATHS = (
					"$(SDKROOT)/Developer/Library/Frameworks",
					"$(inherited)",
				);
				INFOPLIST_FILE = LionEventsExampleTests/Info.plist;
				LD_RUNPATH_SEARCH_PATHS = "$(inherited) @executable_path/Frameworks @loader_path/Frameworks";
				PRODUCT_NAME = "$(TARGET_NAME)";
				TEST_HOST = "$(BUILT_PRODUCTS_DIR)/LionEventsExample.app/LionEventsExample";
			};
			name = Release;
		};
/* End XCBuildConfiguration section */

/* Begin XCConfigurationList section */
		E0E6C01E1B2159E80089A739 /* Build configuration list for PBXProject "LionEventsExample" */ = {
			isa = XCConfigurationList;
			buildConfigurations = (
				E0E6C0401B2159E90089A739 /* Debug */,
				E0E6C0411B2159E90089A739 /* Release */,
			);
			defaultConfigurationIsVisible = 0;
			defaultConfigurationName = Release;
		};
		E0E6C0421B2159E90089A739 /* Build configuration list for PBXNativeTarget "LionEventsExample" */ = {
			isa = XCConfigurationList;
			buildConfigurations = (
				E0E6C0431B2159E90089A739 /* Debug */,
				E0E6C0441B2159E90089A739 /* Release */,
			);
			defaultConfigurationIsVisible = 0;
			defaultConfigurationName = Release;
		};
		E0E6C0451B2159E90089A739 /* Build configuration list for PBXNativeTarget "LionEventsExampleTests" */ = {
			isa = XCConfigurationList;
			buildConfigurations = (
				E0E6C0461B2159E90089A739 /* Debug */,
				E0E6C0471B2159E90089A739 /* Release */,
			);
			defaultConfigurationIsVisible = 0;
			defaultConfigurationName = Release;
		};
/* End XCConfigurationList section */
	};
	rootObject = E0E6C01B1B2159E80089A739 /* Project object */;
}
